// !$*UTF8*$!
{
	archiveVersion = 1;
	classes = {
	};
	objectVersion = 46;
	objects = {

/* Begin PBXBuildFile section */
		1F4A96341CDDE841009FF81A /* NEEpisodeDetailVC.swift in Sources */ = {isa = PBXBuildFile; fileRef = 1F4A96331CDDE841009FF81A /* NEEpisodeDetailVC.swift */; };
		1F4A96361CDDEA87009FF81A /* Episode.storyboard in Resources */ = {isa = PBXBuildFile; fileRef = 1F4A96351CDDEA87009FF81A /* Episode.storyboard */; };
		1FBBFE3B1CDA338900199AFE /* AppDelegate.swift in Sources */ = {isa = PBXBuildFile; fileRef = 1FBBFE3A1CDA338900199AFE /* AppDelegate.swift */; };
		1FBBFE3D1CDA338900199AFE /* ViewController.swift in Sources */ = {isa = PBXBuildFile; fileRef = 1FBBFE3C1CDA338900199AFE /* ViewController.swift */; };
		1FBBFE401CDA338900199AFE /* Main.storyboard in Resources */ = {isa = PBXBuildFile; fileRef = 1FBBFE3E1CDA338900199AFE /* Main.storyboard */; };
		1FBBFE421CDA338900199AFE /* Assets.xcassets in Resources */ = {isa = PBXBuildFile; fileRef = 1FBBFE411CDA338900199AFE /* Assets.xcassets */; };
		1FBBFE451CDA338900199AFE /* LaunchScreen.storyboard in Resources */ = {isa = PBXBuildFile; fileRef = 1FBBFE431CDA338900199AFE /* LaunchScreen.storyboard */; };
		1FBBFE501CDA338900199AFE /* NextEpisodeTests.swift in Sources */ = {isa = PBXBuildFile; fileRef = 1FBBFE4F1CDA338900199AFE /* NextEpisodeTests.swift */; };
		1FBBFE5B1CDA338900199AFE /* NextEpisodeUITests.swift in Sources */ = {isa = PBXBuildFile; fileRef = 1FBBFE5A1CDA338900199AFE /* NextEpisodeUITests.swift */; };
		1FBBFE6D1CDA348200199AFE /* CoreData.framework in Frameworks */ = {isa = PBXBuildFile; fileRef = 1FBBFE6C1CDA348200199AFE /* CoreData.framework */; };
		1FBBFE701CDA34AC00199AFE /* TVSeries.xcdatamodeld in Sources */ = {isa = PBXBuildFile; fileRef = 1FBBFE6E1CDA34AC00199AFE /* TVSeries.xcdatamodeld */; };
		1FBBFE921CDA447D00199AFE /* CDHelper.swift in Sources */ = {isa = PBXBuildFile; fileRef = 1FBBFE911CDA447D00199AFE /* CDHelper.swift */; };
		1FBBFE971CDA45DA00199AFE /* NETodayEpisodesAPI.swift in Sources */ = {isa = PBXBuildFile; fileRef = 1FBBFE961CDA45DA00199AFE /* NETodayEpisodesAPI.swift */; };
		1FBBFE9B1CDA463900199AFE /* Constants.swift in Sources */ = {isa = PBXBuildFile; fileRef = 1FBBFE9A1CDA463900199AFE /* Constants.swift */; };
		1FBBFF371CDB184900199AFE /* Episode+CoreDataProperties.swift in Sources */ = {isa = PBXBuildFile; fileRef = 1FBBFF211CDB184900199AFE /* Episode+CoreDataProperties.swift */; };
		1FBBFF381CDB184900199AFE /* Episode.swift in Sources */ = {isa = PBXBuildFile; fileRef = 1FBBFF221CDB184900199AFE /* Episode.swift */; };
		1FBBFF391CDB184900199AFE /* Schedule+CoreDataProperties.swift in Sources */ = {isa = PBXBuildFile; fileRef = 1FBBFF231CDB184900199AFE /* Schedule+CoreDataProperties.swift */; };
		1FBBFF3A1CDB184900199AFE /* Schedule.swift in Sources */ = {isa = PBXBuildFile; fileRef = 1FBBFF241CDB184900199AFE /* Schedule.swift */; };
		1FBBFF3B1CDB184900199AFE /* Show+CoreDataProperties.swift in Sources */ = {isa = PBXBuildFile; fileRef = 1FBBFF251CDB184900199AFE /* Show+CoreDataProperties.swift */; };
		1FBBFF3C1CDB184900199AFE /* Show.swift in Sources */ = {isa = PBXBuildFile; fileRef = 1FBBFF261CDB184900199AFE /* Show.swift */; };
		1FBBFF3D1CDB184900199AFE /* Externals+CoreDataProperties.swift in Sources */ = {isa = PBXBuildFile; fileRef = 1FBBFF271CDB184900199AFE /* Externals+CoreDataProperties.swift */; };
		1FBBFF3E1CDB184900199AFE /* Externals.swift in Sources */ = {isa = PBXBuildFile; fileRef = 1FBBFF281CDB184900199AFE /* Externals.swift */; };
		1FBBFF3F1CDB184900199AFE /* Network+CoreDataProperties.swift in Sources */ = {isa = PBXBuildFile; fileRef = 1FBBFF291CDB184900199AFE /* Network+CoreDataProperties.swift */; };
		1FBBFF401CDB184900199AFE /* Network.swift in Sources */ = {isa = PBXBuildFile; fileRef = 1FBBFF2A1CDB184900199AFE /* Network.swift */; };
		1FBBFF411CDB184900199AFE /* Cast+CoreDataProperties.swift in Sources */ = {isa = PBXBuildFile; fileRef = 1FBBFF2B1CDB184900199AFE /* Cast+CoreDataProperties.swift */; };
		1FBBFF421CDB184900199AFE /* Cast.swift in Sources */ = {isa = PBXBuildFile; fileRef = 1FBBFF2C1CDB184900199AFE /* Cast.swift */; };
		1FBBFF431CDB184900199AFE /* Person+CoreDataProperties.swift in Sources */ = {isa = PBXBuildFile; fileRef = 1FBBFF2D1CDB184900199AFE /* Person+CoreDataProperties.swift */; };
		1FBBFF441CDB184900199AFE /* Person.swift in Sources */ = {isa = PBXBuildFile; fileRef = 1FBBFF2E1CDB184900199AFE /* Person.swift */; };
		1FBBFF451CDB184900199AFE /* Country+CoreDataProperties.swift in Sources */ = {isa = PBXBuildFile; fileRef = 1FBBFF2F1CDB184900199AFE /* Country+CoreDataProperties.swift */; };
		1FBBFF461CDB184900199AFE /* Country.swift in Sources */ = {isa = PBXBuildFile; fileRef = 1FBBFF301CDB184900199AFE /* Country.swift */; };
		1FBBFF471CDB184900199AFE /* Character+CoreDataProperties.swift in Sources */ = {isa = PBXBuildFile; fileRef = 1FBBFF311CDB184900199AFE /* Character+CoreDataProperties.swift */; };
		1FBBFF481CDB184900199AFE /* Character.swift in Sources */ = {isa = PBXBuildFile; fileRef = 1FBBFF321CDB184900199AFE /* Character.swift */; };
		1FBBFF491CDB184900199AFE /* Rating+CoreDataProperties.swift in Sources */ = {isa = PBXBuildFile; fileRef = 1FBBFF331CDB184900199AFE /* Rating+CoreDataProperties.swift */; };
		1FBBFF4A1CDB184900199AFE /* Rating.swift in Sources */ = {isa = PBXBuildFile; fileRef = 1FBBFF341CDB184900199AFE /* Rating.swift */; };
		1FBBFF4B1CDB184900199AFE /* ShowLinks+CoreDataProperties.swift in Sources */ = {isa = PBXBuildFile; fileRef = 1FBBFF351CDB184900199AFE /* ShowLinks+CoreDataProperties.swift */; };
		1FBBFF4C1CDB184900199AFE /* ShowLinks.swift in Sources */ = {isa = PBXBuildFile; fileRef = 1FBBFF361CDB184900199AFE /* ShowLinks.swift */; };
		1FBBFF561CDC6B4A00199AFE /* NEGenericVC.swift in Sources */ = {isa = PBXBuildFile; fileRef = 1FBBFF551CDC6B4A00199AFE /* NEGenericVC.swift */; };
		1FBBFF5C1CDC6EF200199AFE /* CDTableViewController.swift in Sources */ = {isa = PBXBuildFile; fileRef = 1FBBFF5B1CDC6EF200199AFE /* CDTableViewController.swift */; };
		1FBBFF5E1CDC6FB300199AFE /* TodayEpisodesVC.swift in Sources */ = {isa = PBXBuildFile; fileRef = 1FBBFF5D1CDC6FB300199AFE /* TodayEpisodesVC.swift */; };
		1FBBFF651CDC720800199AFE /* NEEpisodeTableViewCell.swift in Sources */ = {isa = PBXBuildFile; fileRef = 1FBBFF631CDC720800199AFE /* NEEpisodeTableViewCell.swift */; };
		1FBBFF661CDC720800199AFE /* NEEpisodeTableViewCell.xib in Resources */ = {isa = PBXBuildFile; fileRef = 1FBBFF641CDC720800199AFE /* NEEpisodeTableViewCell.xib */; };
		1FC37E821CDE0C8F00EFF605 /* Show.storyboard in Resources */ = {isa = PBXBuildFile; fileRef = 1FC37E811CDE0C8F00EFF605 /* Show.storyboard */; };
		1FC37E841CDE0CC800EFF605 /* NEShowDetailsVC.swift in Sources */ = {isa = PBXBuildFile; fileRef = 1FC37E831CDE0CC800EFF605 /* NEShowDetailsVC.swift */; };
		1FC37E871CDE12A400EFF605 /* NECastCollectionViewCell.swift in Sources */ = {isa = PBXBuildFile; fileRef = 1FC37E861CDE12A400EFF605 /* NECastCollectionViewCell.swift */; };
		1FC37E8B1CE072E300EFF605 /* NECastDetailVC.swift in Sources */ = {isa = PBXBuildFile; fileRef = 1FC37E8A1CE072E300EFF605 /* NECastDetailVC.swift */; };
		1FC37E961CE3DA7E00EFF605 /* NEShowTVC.swift in Sources */ = {isa = PBXBuildFile; fileRef = 1FC37E951CE3DA7E00EFF605 /* NEShowTVC.swift */; };
		1FC37E9B1CE454C900EFF605 /* NEShowTableViewCell.swift in Sources */ = {isa = PBXBuildFile; fileRef = 1FC37E991CE454C900EFF605 /* NEShowTableViewCell.swift */; };
		1FC37E9C1CE454C900EFF605 /* NEShowTableViewCell.xib in Resources */ = {isa = PBXBuildFile; fileRef = 1FC37E9A1CE454C900EFF605 /* NEShowTableViewCell.xib */; };
		1FC37EA01CE5A13600EFF605 /* NESeasonEpisodeTVC.swift in Sources */ = {isa = PBXBuildFile; fileRef = 1FC37E9F1CE5A13600EFF605 /* NESeasonEpisodeTVC.swift */; };
		1FC37EA31CE5C88700EFF605 /* NEWebViewVC.swift in Sources */ = {isa = PBXBuildFile; fileRef = 1FC37EA21CE5C88700EFF605 /* NEWebViewVC.swift */; };
		1FC37EA51CE5C8AB00EFF605 /* WebViewStoryboard.storyboard in Resources */ = {isa = PBXBuildFile; fileRef = 1FC37EA41CE5C8AB00EFF605 /* WebViewStoryboard.storyboard */; };
		1FC37EA81CE717CE00EFF605 /* NEFavoriteShowVC.swift in Sources */ = {isa = PBXBuildFile; fileRef = 1FC37EA71CE717CE00EFF605 /* NEFavoriteShowVC.swift */; };
		1FC37EC01CE76AA100EFF605 /* IQNSArray+Sort.swift in Sources */ = {isa = PBXBuildFile; fileRef = 1FC37EAB1CE76AA100EFF605 /* IQNSArray+Sort.swift */; };
		1FC37EC11CE76AA100EFF605 /* IQUIScrollView+Additions.swift in Sources */ = {isa = PBXBuildFile; fileRef = 1FC37EAC1CE76AA100EFF605 /* IQUIScrollView+Additions.swift */; };
		1FC37EC21CE76AA100EFF605 /* IQUITextFieldView+Additions.swift in Sources */ = {isa = PBXBuildFile; fileRef = 1FC37EAD1CE76AA100EFF605 /* IQUITextFieldView+Additions.swift */; };
		1FC37EC31CE76AA100EFF605 /* IQUIView+Hierarchy.swift in Sources */ = {isa = PBXBuildFile; fileRef = 1FC37EAE1CE76AA100EFF605 /* IQUIView+Hierarchy.swift */; };
		1FC37EC41CE76AA100EFF605 /* IQUIViewController+Additions.swift in Sources */ = {isa = PBXBuildFile; fileRef = 1FC37EAF1CE76AA100EFF605 /* IQUIViewController+Additions.swift */; };
		1FC37EC51CE76AA100EFF605 /* IQUIWindow+Hierarchy.swift in Sources */ = {isa = PBXBuildFile; fileRef = 1FC37EB01CE76AA100EFF605 /* IQUIWindow+Hierarchy.swift */; };
		1FC37EC61CE76AA100EFF605 /* IQKeyboardManagerConstants.swift in Sources */ = {isa = PBXBuildFile; fileRef = 1FC37EB21CE76AA100EFF605 /* IQKeyboardManagerConstants.swift */; };
		1FC37EC71CE76AA100EFF605 /* IQKeyboardManagerConstantsInternal.swift in Sources */ = {isa = PBXBuildFile; fileRef = 1FC37EB31CE76AA100EFF605 /* IQKeyboardManagerConstantsInternal.swift */; };
		1FC37EC81CE76AA100EFF605 /* IQKeyboardManager.swift in Sources */ = {isa = PBXBuildFile; fileRef = 1FC37EB41CE76AA100EFF605 /* IQKeyboardManager.swift */; };
		1FC37EC91CE76AA100EFF605 /* IQKeyboardReturnKeyHandler.swift in Sources */ = {isa = PBXBuildFile; fileRef = 1FC37EB51CE76AA100EFF605 /* IQKeyboardReturnKeyHandler.swift */; };
		1FC37ECA1CE76AA100EFF605 /* IQTextView.swift in Sources */ = {isa = PBXBuildFile; fileRef = 1FC37EB71CE76AA100EFF605 /* IQTextView.swift */; };
		1FC37ECB1CE76AA100EFF605 /* IQBarButtonItem.swift in Sources */ = {isa = PBXBuildFile; fileRef = 1FC37EB91CE76AA100EFF605 /* IQBarButtonItem.swift */; };
		1FC37ECC1CE76AA100EFF605 /* IQPreviousNextView.swift in Sources */ = {isa = PBXBuildFile; fileRef = 1FC37EBA1CE76AA100EFF605 /* IQPreviousNextView.swift */; };
		1FC37ECD1CE76AA100EFF605 /* IQTitleBarButtonItem.swift in Sources */ = {isa = PBXBuildFile; fileRef = 1FC37EBB1CE76AA100EFF605 /* IQTitleBarButtonItem.swift */; };
		1FC37ECE1CE76AA100EFF605 /* IQToolbar.swift in Sources */ = {isa = PBXBuildFile; fileRef = 1FC37EBC1CE76AA100EFF605 /* IQToolbar.swift */; };
		1FC37ECF1CE76AA100EFF605 /* IQUIView+IQKeyboardToolbar.swift in Sources */ = {isa = PBXBuildFile; fileRef = 1FC37EBD1CE76AA100EFF605 /* IQUIView+IQKeyboardToolbar.swift */; };
		1FC37ED01CE76AA100EFF605 /* IQKeyboardManager.bundle in Resources */ = {isa = PBXBuildFile; fileRef = 1FC37EBF1CE76AA100EFF605 /* IQKeyboardManager.bundle */; };
		1FC37ED91CE8DD6000EFF605 /* Info-tvOS.plist in Resources */ = {isa = PBXBuildFile; fileRef = 1FC37ED51CE8DD6000EFF605 /* Info-tvOS.plist */; };
		1FC37EDA1CE8DD6000EFF605 /* Info.plist in Resources */ = {isa = PBXBuildFile; fileRef = 1FC37ED61CE8DD6000EFF605 /* Info.plist */; };
		1FC37EDB1CE8DD6000EFF605 /* SwiftSpinner.swift in Sources */ = {isa = PBXBuildFile; fileRef = 1FC37ED81CE8DD6000EFF605 /* SwiftSpinner.swift */; };
		1FC37EDE1CE9E56100EFF605 /* NERequest.swift in Sources */ = {isa = PBXBuildFile; fileRef = 1FC37EDD1CE9E56100EFF605 /* NERequest.swift */; };
		45FDD2BE372F0FA719F81C76 /* Pods_NextEpisode.framework in Frameworks */ = {isa = PBXBuildFile; fileRef = 7EC6E5D4E928FD9F4283D21A /* Pods_NextEpisode.framework */; };
/* End PBXBuildFile section */

/* Begin PBXContainerItemProxy section */
		1FBBFE4C1CDA338900199AFE /* PBXContainerItemProxy */ = {
			isa = PBXContainerItemProxy;
			containerPortal = 1FBBFE2F1CDA338900199AFE /* Project object */;
			proxyType = 1;
			remoteGlobalIDString = 1FBBFE361CDA338900199AFE;
			remoteInfo = NextEpisode;
		};
		1FBBFE571CDA338900199AFE /* PBXContainerItemProxy */ = {
			isa = PBXContainerItemProxy;
			containerPortal = 1FBBFE2F1CDA338900199AFE /* Project object */;
			proxyType = 1;
			remoteGlobalIDString = 1FBBFE361CDA338900199AFE;
			remoteInfo = NextEpisode;
		};
/* End PBXContainerItemProxy section */

/* Begin PBXFileReference section */
		1F4A96331CDDE841009FF81A /* NEEpisodeDetailVC.swift */ = {isa = PBXFileReference; fileEncoding = 4; lastKnownFileType = sourcecode.swift; path = NEEpisodeDetailVC.swift; sourceTree = "<group>"; };
		1F4A96351CDDEA87009FF81A /* Episode.storyboard */ = {isa = PBXFileReference; fileEncoding = 4; lastKnownFileType = file.storyboard; path = Episode.storyboard; sourceTree = "<group>"; };
		1FBBFE371CDA338900199AFE /* NextEpisode.app */ = {isa = PBXFileReference; explicitFileType = wrapper.application; includeInIndex = 0; path = NextEpisode.app; sourceTree = BUILT_PRODUCTS_DIR; };
		1FBBFE3A1CDA338900199AFE /* AppDelegate.swift */ = {isa = PBXFileReference; lastKnownFileType = sourcecode.swift; path = AppDelegate.swift; sourceTree = "<group>"; };
		1FBBFE3C1CDA338900199AFE /* ViewController.swift */ = {isa = PBXFileReference; lastKnownFileType = sourcecode.swift; path = ViewController.swift; sourceTree = "<group>"; };
		1FBBFE3F1CDA338900199AFE /* Base */ = {isa = PBXFileReference; lastKnownFileType = file.storyboard; name = Base; path = Base.lproj/Main.storyboard; sourceTree = "<group>"; };
		1FBBFE411CDA338900199AFE /* Assets.xcassets */ = {isa = PBXFileReference; lastKnownFileType = folder.assetcatalog; path = Assets.xcassets; sourceTree = "<group>"; };
		1FBBFE441CDA338900199AFE /* Base */ = {isa = PBXFileReference; lastKnownFileType = file.storyboard; name = Base; path = Base.lproj/LaunchScreen.storyboard; sourceTree = "<group>"; };
		1FBBFE461CDA338900199AFE /* Info.plist */ = {isa = PBXFileReference; lastKnownFileType = text.plist.xml; path = Info.plist; sourceTree = "<group>"; };
		1FBBFE4B1CDA338900199AFE /* NextEpisodeTests.xctest */ = {isa = PBXFileReference; explicitFileType = wrapper.cfbundle; includeInIndex = 0; path = NextEpisodeTests.xctest; sourceTree = BUILT_PRODUCTS_DIR; };
		1FBBFE4F1CDA338900199AFE /* NextEpisodeTests.swift */ = {isa = PBXFileReference; lastKnownFileType = sourcecode.swift; path = NextEpisodeTests.swift; sourceTree = "<group>"; };
		1FBBFE511CDA338900199AFE /* Info.plist */ = {isa = PBXFileReference; lastKnownFileType = text.plist.xml; path = Info.plist; sourceTree = "<group>"; };
		1FBBFE561CDA338900199AFE /* NextEpisodeUITests.xctest */ = {isa = PBXFileReference; explicitFileType = wrapper.cfbundle; includeInIndex = 0; path = NextEpisodeUITests.xctest; sourceTree = BUILT_PRODUCTS_DIR; };
		1FBBFE5A1CDA338900199AFE /* NextEpisodeUITests.swift */ = {isa = PBXFileReference; lastKnownFileType = sourcecode.swift; path = NextEpisodeUITests.swift; sourceTree = "<group>"; };
		1FBBFE5C1CDA338900199AFE /* Info.plist */ = {isa = PBXFileReference; lastKnownFileType = text.plist.xml; path = Info.plist; sourceTree = "<group>"; };
		1FBBFE6C1CDA348200199AFE /* CoreData.framework */ = {isa = PBXFileReference; lastKnownFileType = wrapper.framework; name = CoreData.framework; path = System/Library/Frameworks/CoreData.framework; sourceTree = SDKROOT; };
		1FBBFE6F1CDA34AC00199AFE /* TVSeries.xcdatamodel */ = {isa = PBXFileReference; lastKnownFileType = wrapper.xcdatamodel; path = TVSeries.xcdatamodel; sourceTree = "<group>"; };
		1FBBFE911CDA447D00199AFE /* CDHelper.swift */ = {isa = PBXFileReference; fileEncoding = 4; lastKnownFileType = sourcecode.swift; path = CDHelper.swift; sourceTree = "<group>"; };
		1FBBFE961CDA45DA00199AFE /* NETodayEpisodesAPI.swift */ = {isa = PBXFileReference; fileEncoding = 4; lastKnownFileType = sourcecode.swift; path = NETodayEpisodesAPI.swift; sourceTree = "<group>"; };
		1FBBFE9A1CDA463900199AFE /* Constants.swift */ = {isa = PBXFileReference; fileEncoding = 4; lastKnownFileType = sourcecode.swift; path = Constants.swift; sourceTree = "<group>"; };
		1FBBFE9C1CDAF52F00199AFE /* TVSeries 2.xcdatamodel */ = {isa = PBXFileReference; lastKnownFileType = wrapper.xcdatamodel; path = "TVSeries 2.xcdatamodel"; sourceTree = "<group>"; };
		1FBBFF211CDB184900199AFE /* Episode+CoreDataProperties.swift */ = {isa = PBXFileReference; fileEncoding = 4; lastKnownFileType = sourcecode.swift; path = "Episode+CoreDataProperties.swift"; sourceTree = "<group>"; };
		1FBBFF221CDB184900199AFE /* Episode.swift */ = {isa = PBXFileReference; fileEncoding = 4; lastKnownFileType = sourcecode.swift; path = Episode.swift; sourceTree = "<group>"; };
		1FBBFF231CDB184900199AFE /* Schedule+CoreDataProperties.swift */ = {isa = PBXFileReference; fileEncoding = 4; lastKnownFileType = sourcecode.swift; path = "Schedule+CoreDataProperties.swift"; sourceTree = "<group>"; };
		1FBBFF241CDB184900199AFE /* Schedule.swift */ = {isa = PBXFileReference; fileEncoding = 4; lastKnownFileType = sourcecode.swift; path = Schedule.swift; sourceTree = "<group>"; };
		1FBBFF251CDB184900199AFE /* Show+CoreDataProperties.swift */ = {isa = PBXFileReference; fileEncoding = 4; lastKnownFileType = sourcecode.swift; path = "Show+CoreDataProperties.swift"; sourceTree = "<group>"; };
		1FBBFF261CDB184900199AFE /* Show.swift */ = {isa = PBXFileReference; fileEncoding = 4; lastKnownFileType = sourcecode.swift; path = Show.swift; sourceTree = "<group>"; };
		1FBBFF271CDB184900199AFE /* Externals+CoreDataProperties.swift */ = {isa = PBXFileReference; fileEncoding = 4; lastKnownFileType = sourcecode.swift; path = "Externals+CoreDataProperties.swift"; sourceTree = "<group>"; };
		1FBBFF281CDB184900199AFE /* Externals.swift */ = {isa = PBXFileReference; fileEncoding = 4; lastKnownFileType = sourcecode.swift; path = Externals.swift; sourceTree = "<group>"; };
		1FBBFF291CDB184900199AFE /* Network+CoreDataProperties.swift */ = {isa = PBXFileReference; fileEncoding = 4; lastKnownFileType = sourcecode.swift; path = "Network+CoreDataProperties.swift"; sourceTree = "<group>"; };
		1FBBFF2A1CDB184900199AFE /* Network.swift */ = {isa = PBXFileReference; fileEncoding = 4; lastKnownFileType = sourcecode.swift; path = Network.swift; sourceTree = "<group>"; };
		1FBBFF2B1CDB184900199AFE /* Cast+CoreDataProperties.swift */ = {isa = PBXFileReference; fileEncoding = 4; lastKnownFileType = sourcecode.swift; path = "Cast+CoreDataProperties.swift"; sourceTree = "<group>"; };
		1FBBFF2C1CDB184900199AFE /* Cast.swift */ = {isa = PBXFileReference; fileEncoding = 4; lastKnownFileType = sourcecode.swift; path = Cast.swift; sourceTree = "<group>"; };
		1FBBFF2D1CDB184900199AFE /* Person+CoreDataProperties.swift */ = {isa = PBXFileReference; fileEncoding = 4; lastKnownFileType = sourcecode.swift; path = "Person+CoreDataProperties.swift"; sourceTree = "<group>"; };
		1FBBFF2E1CDB184900199AFE /* Person.swift */ = {isa = PBXFileReference; fileEncoding = 4; lastKnownFileType = sourcecode.swift; path = Person.swift; sourceTree = "<group>"; };
		1FBBFF2F1CDB184900199AFE /* Country+CoreDataProperties.swift */ = {isa = PBXFileReference; fileEncoding = 4; lastKnownFileType = sourcecode.swift; path = "Country+CoreDataProperties.swift"; sourceTree = "<group>"; };
		1FBBFF301CDB184900199AFE /* Country.swift */ = {isa = PBXFileReference; fileEncoding = 4; lastKnownFileType = sourcecode.swift; path = Country.swift; sourceTree = "<group>"; };
		1FBBFF311CDB184900199AFE /* Character+CoreDataProperties.swift */ = {isa = PBXFileReference; fileEncoding = 4; lastKnownFileType = sourcecode.swift; path = "Character+CoreDataProperties.swift"; sourceTree = "<group>"; };
		1FBBFF321CDB184900199AFE /* Character.swift */ = {isa = PBXFileReference; fileEncoding = 4; lastKnownFileType = sourcecode.swift; path = Character.swift; sourceTree = "<group>"; };
		1FBBFF331CDB184900199AFE /* Rating+CoreDataProperties.swift */ = {isa = PBXFileReference; fileEncoding = 4; lastKnownFileType = sourcecode.swift; path = "Rating+CoreDataProperties.swift"; sourceTree = "<group>"; };
		1FBBFF341CDB184900199AFE /* Rating.swift */ = {isa = PBXFileReference; fileEncoding = 4; lastKnownFileType = sourcecode.swift; path = Rating.swift; sourceTree = "<group>"; };
		1FBBFF351CDB184900199AFE /* ShowLinks+CoreDataProperties.swift */ = {isa = PBXFileReference; fileEncoding = 4; lastKnownFileType = sourcecode.swift; path = "ShowLinks+CoreDataProperties.swift"; sourceTree = "<group>"; };
		1FBBFF361CDB184900199AFE /* ShowLinks.swift */ = {isa = PBXFileReference; fileEncoding = 4; lastKnownFileType = sourcecode.swift; path = ShowLinks.swift; sourceTree = "<group>"; };
		1FBBFF4D1CDB1ED500199AFE /* TVSeries 3.xcdatamodel */ = {isa = PBXFileReference; lastKnownFileType = wrapper.xcdatamodel; path = "TVSeries 3.xcdatamodel"; sourceTree = "<group>"; };
		1FBBFF4E1CDB224500199AFE /* TVSeries 4.xcdatamodel */ = {isa = PBXFileReference; lastKnownFileType = wrapper.xcdatamodel; path = "TVSeries 4.xcdatamodel"; sourceTree = "<group>"; };
		1FBBFF551CDC6B4A00199AFE /* NEGenericVC.swift */ = {isa = PBXFileReference; fileEncoding = 4; lastKnownFileType = sourcecode.swift; path = NEGenericVC.swift; sourceTree = "<group>"; };
		1FBBFF5B1CDC6EF200199AFE /* CDTableViewController.swift */ = {isa = PBXFileReference; fileEncoding = 4; lastKnownFileType = sourcecode.swift; path = CDTableViewController.swift; sourceTree = "<group>"; };
		1FBBFF5D1CDC6FB300199AFE /* TodayEpisodesVC.swift */ = {isa = PBXFileReference; fileEncoding = 4; lastKnownFileType = sourcecode.swift; path = TodayEpisodesVC.swift; sourceTree = "<group>"; };
		1FBBFF631CDC720800199AFE /* NEEpisodeTableViewCell.swift */ = {isa = PBXFileReference; fileEncoding = 4; lastKnownFileType = sourcecode.swift; path = NEEpisodeTableViewCell.swift; sourceTree = "<group>"; };
		1FBBFF641CDC720800199AFE /* NEEpisodeTableViewCell.xib */ = {isa = PBXFileReference; fileEncoding = 4; lastKnownFileType = file.xib; path = NEEpisodeTableViewCell.xib; sourceTree = "<group>"; };
		1FC37E811CDE0C8F00EFF605 /* Show.storyboard */ = {isa = PBXFileReference; fileEncoding = 4; lastKnownFileType = file.storyboard; path = Show.storyboard; sourceTree = "<group>"; };
		1FC37E831CDE0CC800EFF605 /* NEShowDetailsVC.swift */ = {isa = PBXFileReference; fileEncoding = 4; lastKnownFileType = sourcecode.swift; path = NEShowDetailsVC.swift; sourceTree = "<group>"; };
		1FC37E861CDE12A400EFF605 /* NECastCollectionViewCell.swift */ = {isa = PBXFileReference; fileEncoding = 4; lastKnownFileType = sourcecode.swift; path = NECastCollectionViewCell.swift; sourceTree = "<group>"; };
		1FC37E881CDE4F7B00EFF605 /* TVSeries 5.xcdatamodel */ = {isa = PBXFileReference; lastKnownFileType = wrapper.xcdatamodel; path = "TVSeries 5.xcdatamodel"; sourceTree = "<group>"; };
		1FC37E8A1CE072E300EFF605 /* NECastDetailVC.swift */ = {isa = PBXFileReference; fileEncoding = 4; lastKnownFileType = sourcecode.swift; path = NECastDetailVC.swift; sourceTree = "<group>"; };
		1FC37E951CE3DA7E00EFF605 /* NEShowTVC.swift */ = {isa = PBXFileReference; fileEncoding = 4; lastKnownFileType = sourcecode.swift; path = NEShowTVC.swift; sourceTree = "<group>"; };
		1FC37E991CE454C900EFF605 /* NEShowTableViewCell.swift */ = {isa = PBXFileReference; fileEncoding = 4; lastKnownFileType = sourcecode.swift; path = NEShowTableViewCell.swift; sourceTree = "<group>"; };
		1FC37E9A1CE454C900EFF605 /* NEShowTableViewCell.xib */ = {isa = PBXFileReference; fileEncoding = 4; lastKnownFileType = file.xib; path = NEShowTableViewCell.xib; sourceTree = "<group>"; };
		1FC37E9D1CE5816100EFF605 /* TVSeries 6.xcdatamodel */ = {isa = PBXFileReference; lastKnownFileType = wrapper.xcdatamodel; path = "TVSeries 6.xcdatamodel"; sourceTree = "<group>"; };
		1FC37E9F1CE5A13600EFF605 /* NESeasonEpisodeTVC.swift */ = {isa = PBXFileReference; fileEncoding = 4; lastKnownFileType = sourcecode.swift; path = NESeasonEpisodeTVC.swift; sourceTree = "<group>"; };
		1FC37EA21CE5C88700EFF605 /* NEWebViewVC.swift */ = {isa = PBXFileReference; fileEncoding = 4; lastKnownFileType = sourcecode.swift; path = NEWebViewVC.swift; sourceTree = "<group>"; };
		1FC37EA41CE5C8AB00EFF605 /* WebViewStoryboard.storyboard */ = {isa = PBXFileReference; fileEncoding = 4; lastKnownFileType = file.storyboard; path = WebViewStoryboard.storyboard; sourceTree = "<group>"; };
		1FC37EA71CE717CE00EFF605 /* NEFavoriteShowVC.swift */ = {isa = PBXFileReference; fileEncoding = 4; lastKnownFileType = sourcecode.swift; path = NEFavoriteShowVC.swift; sourceTree = "<group>"; };
		1FC37EAB1CE76AA100EFF605 /* IQNSArray+Sort.swift */ = {isa = PBXFileReference; fileEncoding = 4; lastKnownFileType = sourcecode.swift; path = "IQNSArray+Sort.swift"; sourceTree = "<group>"; };
		1FC37EAC1CE76AA100EFF605 /* IQUIScrollView+Additions.swift */ = {isa = PBXFileReference; fileEncoding = 4; lastKnownFileType = sourcecode.swift; path = "IQUIScrollView+Additions.swift"; sourceTree = "<group>"; };
		1FC37EAD1CE76AA100EFF605 /* IQUITextFieldView+Additions.swift */ = {isa = PBXFileReference; fileEncoding = 4; lastKnownFileType = sourcecode.swift; path = "IQUITextFieldView+Additions.swift"; sourceTree = "<group>"; };
		1FC37EAE1CE76AA100EFF605 /* IQUIView+Hierarchy.swift */ = {isa = PBXFileReference; fileEncoding = 4; lastKnownFileType = sourcecode.swift; path = "IQUIView+Hierarchy.swift"; sourceTree = "<group>"; };
		1FC37EAF1CE76AA100EFF605 /* IQUIViewController+Additions.swift */ = {isa = PBXFileReference; fileEncoding = 4; lastKnownFileType = sourcecode.swift; path = "IQUIViewController+Additions.swift"; sourceTree = "<group>"; };
		1FC37EB01CE76AA100EFF605 /* IQUIWindow+Hierarchy.swift */ = {isa = PBXFileReference; fileEncoding = 4; lastKnownFileType = sourcecode.swift; path = "IQUIWindow+Hierarchy.swift"; sourceTree = "<group>"; };
		1FC37EB21CE76AA100EFF605 /* IQKeyboardManagerConstants.swift */ = {isa = PBXFileReference; fileEncoding = 4; lastKnownFileType = sourcecode.swift; path = IQKeyboardManagerConstants.swift; sourceTree = "<group>"; };
		1FC37EB31CE76AA100EFF605 /* IQKeyboardManagerConstantsInternal.swift */ = {isa = PBXFileReference; fileEncoding = 4; lastKnownFileType = sourcecode.swift; path = IQKeyboardManagerConstantsInternal.swift; sourceTree = "<group>"; };
		1FC37EB41CE76AA100EFF605 /* IQKeyboardManager.swift */ = {isa = PBXFileReference; fileEncoding = 4; lastKnownFileType = sourcecode.swift; path = IQKeyboardManager.swift; sourceTree = "<group>"; };
		1FC37EB51CE76AA100EFF605 /* IQKeyboardReturnKeyHandler.swift */ = {isa = PBXFileReference; fileEncoding = 4; lastKnownFileType = sourcecode.swift; path = IQKeyboardReturnKeyHandler.swift; sourceTree = "<group>"; };
		1FC37EB71CE76AA100EFF605 /* IQTextView.swift */ = {isa = PBXFileReference; fileEncoding = 4; lastKnownFileType = sourcecode.swift; path = IQTextView.swift; sourceTree = "<group>"; };
		1FC37EB91CE76AA100EFF605 /* IQBarButtonItem.swift */ = {isa = PBXFileReference; fileEncoding = 4; lastKnownFileType = sourcecode.swift; path = IQBarButtonItem.swift; sourceTree = "<group>"; };
		1FC37EBA1CE76AA100EFF605 /* IQPreviousNextView.swift */ = {isa = PBXFileReference; fileEncoding = 4; lastKnownFileType = sourcecode.swift; path = IQPreviousNextView.swift; sourceTree = "<group>"; };
		1FC37EBB1CE76AA100EFF605 /* IQTitleBarButtonItem.swift */ = {isa = PBXFileReference; fileEncoding = 4; lastKnownFileType = sourcecode.swift; path = IQTitleBarButtonItem.swift; sourceTree = "<group>"; };
		1FC37EBC1CE76AA100EFF605 /* IQToolbar.swift */ = {isa = PBXFileReference; fileEncoding = 4; lastKnownFileType = sourcecode.swift; path = IQToolbar.swift; sourceTree = "<group>"; };
		1FC37EBD1CE76AA100EFF605 /* IQUIView+IQKeyboardToolbar.swift */ = {isa = PBXFileReference; fileEncoding = 4; lastKnownFileType = sourcecode.swift; path = "IQUIView+IQKeyboardToolbar.swift"; sourceTree = "<group>"; };
		1FC37EBF1CE76AA100EFF605 /* IQKeyboardManager.bundle */ = {isa = PBXFileReference; lastKnownFileType = "wrapper.plug-in"; path = IQKeyboardManager.bundle; sourceTree = "<group>"; };
		1FC37ED51CE8DD6000EFF605 /* Info-tvOS.plist */ = {isa = PBXFileReference; fileEncoding = 4; lastKnownFileType = text.plist.xml; path = "Info-tvOS.plist"; sourceTree = "<group>"; };
		1FC37ED61CE8DD6000EFF605 /* Info.plist */ = {isa = PBXFileReference; fileEncoding = 4; lastKnownFileType = text.plist.xml; path = Info.plist; sourceTree = "<group>"; };
		1FC37ED71CE8DD6000EFF605 /* SwiftSpinner.h */ = {isa = PBXFileReference; fileEncoding = 4; lastKnownFileType = sourcecode.c.h; path = SwiftSpinner.h; sourceTree = "<group>"; };
		1FC37ED81CE8DD6000EFF605 /* SwiftSpinner.swift */ = {isa = PBXFileReference; fileEncoding = 4; lastKnownFileType = sourcecode.swift; path = SwiftSpinner.swift; sourceTree = "<group>"; };
		1FC37EDD1CE9E56100EFF605 /* NERequest.swift */ = {isa = PBXFileReference; fileEncoding = 4; lastKnownFileType = sourcecode.swift; path = NERequest.swift; sourceTree = "<group>"; };
		7EC6E5D4E928FD9F4283D21A /* Pods_NextEpisode.framework */ = {isa = PBXFileReference; explicitFileType = wrapper.framework; includeInIndex = 0; path = Pods_NextEpisode.framework; sourceTree = BUILT_PRODUCTS_DIR; };
		878E8CC1134327478F5AF23D /* Pods-NextEpisode.release.xcconfig */ = {isa = PBXFileReference; includeInIndex = 1; lastKnownFileType = text.xcconfig; name = "Pods-NextEpisode.release.xcconfig"; path = "Pods/Target Support Files/Pods-NextEpisode/Pods-NextEpisode.release.xcconfig"; sourceTree = "<group>"; };
		9107E4B632611275E3541146 /* Pods-NextEpisode.debug.xcconfig */ = {isa = PBXFileReference; includeInIndex = 1; lastKnownFileType = text.xcconfig; name = "Pods-NextEpisode.debug.xcconfig"; path = "Pods/Target Support Files/Pods-NextEpisode/Pods-NextEpisode.debug.xcconfig"; sourceTree = "<group>"; };
/* End PBXFileReference section */

/* Begin PBXFrameworksBuildPhase section */
		1FBBFE341CDA338900199AFE /* Frameworks */ = {
			isa = PBXFrameworksBuildPhase;
			buildActionMask = 2147483647;
			files = (
				1FBBFE6D1CDA348200199AFE /* CoreData.framework in Frameworks */,
				45FDD2BE372F0FA719F81C76 /* Pods_NextEpisode.framework in Frameworks */,
			);
			runOnlyForDeploymentPostprocessing = 0;
		};
		1FBBFE481CDA338900199AFE /* Frameworks */ = {
			isa = PBXFrameworksBuildPhase;
			buildActionMask = 2147483647;
			files = (
			);
			runOnlyForDeploymentPostprocessing = 0;
		};
		1FBBFE531CDA338900199AFE /* Frameworks */ = {
			isa = PBXFrameworksBuildPhase;
			buildActionMask = 2147483647;
			files = (
			);
			runOnlyForDeploymentPostprocessing = 0;
		};
/* End PBXFrameworksBuildPhase section */

/* Begin PBXGroup section */
		1F4A96321CDDE7D9009FF81A /* Episode Detail View */ = {
			isa = PBXGroup;
			children = (
				1F4A96331CDDE841009FF81A /* NEEpisodeDetailVC.swift */,
				1F4A96351CDDEA87009FF81A /* Episode.storyboard */,
			);
			path = "Episode Detail View";
			sourceTree = "<group>";
		};
		1FBBFE2E1CDA338900199AFE = {
			isa = PBXGroup;
			children = (
				1FBBFE6C1CDA348200199AFE /* CoreData.framework */,
				1FBBFE391CDA338900199AFE /* NextEpisode */,
				1FBBFE4E1CDA338900199AFE /* NextEpisodeTests */,
				1FBBFE591CDA338900199AFE /* NextEpisodeUITests */,
				1FBBFE381CDA338900199AFE /* Products */,
				D4B3D1CD44B99109A19925BA /* Pods */,
				7ECA29DA01E385CF21860E84 /* Frameworks */,
			);
			sourceTree = "<group>";
		};
		1FBBFE381CDA338900199AFE /* Products */ = {
			isa = PBXGroup;
			children = (
				1FBBFE371CDA338900199AFE /* NextEpisode.app */,
				1FBBFE4B1CDA338900199AFE /* NextEpisodeTests.xctest */,
				1FBBFE561CDA338900199AFE /* NextEpisodeUITests.xctest */,
			);
			name = Products;
			sourceTree = "<group>";
		};
		1FBBFE391CDA338900199AFE /* NextEpisode */ = {
			isa = PBXGroup;
			children = (
				1FBBFF4F1CDC69FD00199AFE /* Lib */,
				1FBBFE981CDA460400199AFE /* Utils */,
				1FBBFE6B1CDA347300199AFE /* API */,
				1FBBFE6A1CDA346400199AFE /* Data Models */,
				1FBBFE691CDA343F00199AFE /* CDHelper Class */,
				1FBBFE681CDA341A00199AFE /* Models */,
				1FBBFE931CDA454800199AFE /* UI */,
				1FBBFE3A1CDA338900199AFE /* AppDelegate.swift */,
				1FBBFE3C1CDA338900199AFE /* ViewController.swift */,
				1FBBFE3E1CDA338900199AFE /* Main.storyboard */,
				1FBBFE411CDA338900199AFE /* Assets.xcassets */,
				1FBBFE431CDA338900199AFE /* LaunchScreen.storyboard */,
				1FBBFE461CDA338900199AFE /* Info.plist */,
			);
			path = NextEpisode;
			sourceTree = "<group>";
		};
		1FBBFE4E1CDA338900199AFE /* NextEpisodeTests */ = {
			isa = PBXGroup;
			children = (
				1FBBFE4F1CDA338900199AFE /* NextEpisodeTests.swift */,
				1FBBFE511CDA338900199AFE /* Info.plist */,
			);
			path = NextEpisodeTests;
			sourceTree = "<group>";
		};
		1FBBFE591CDA338900199AFE /* NextEpisodeUITests */ = {
			isa = PBXGroup;
			children = (
				1FBBFE5A1CDA338900199AFE /* NextEpisodeUITests.swift */,
				1FBBFE5C1CDA338900199AFE /* Info.plist */,
			);
			path = NextEpisodeUITests;
			sourceTree = "<group>";
		};
		1FBBFE681CDA341A00199AFE /* Models */ = {
			isa = PBXGroup;
			children = (
				1FBBFF211CDB184900199AFE /* Episode+CoreDataProperties.swift */,
				1FBBFF221CDB184900199AFE /* Episode.swift */,
				1FBBFF231CDB184900199AFE /* Schedule+CoreDataProperties.swift */,
				1FBBFF241CDB184900199AFE /* Schedule.swift */,
				1FBBFF251CDB184900199AFE /* Show+CoreDataProperties.swift */,
				1FBBFF261CDB184900199AFE /* Show.swift */,
				1FBBFF271CDB184900199AFE /* Externals+CoreDataProperties.swift */,
				1FBBFF281CDB184900199AFE /* Externals.swift */,
				1FBBFF291CDB184900199AFE /* Network+CoreDataProperties.swift */,
				1FBBFF2A1CDB184900199AFE /* Network.swift */,
				1FBBFF2B1CDB184900199AFE /* Cast+CoreDataProperties.swift */,
				1FBBFF2C1CDB184900199AFE /* Cast.swift */,
				1FBBFF2D1CDB184900199AFE /* Person+CoreDataProperties.swift */,
				1FBBFF2E1CDB184900199AFE /* Person.swift */,
				1FBBFF2F1CDB184900199AFE /* Country+CoreDataProperties.swift */,
				1FBBFF301CDB184900199AFE /* Country.swift */,
				1FBBFF311CDB184900199AFE /* Character+CoreDataProperties.swift */,
				1FBBFF321CDB184900199AFE /* Character.swift */,
				1FBBFF331CDB184900199AFE /* Rating+CoreDataProperties.swift */,
				1FBBFF341CDB184900199AFE /* Rating.swift */,
				1FBBFF351CDB184900199AFE /* ShowLinks+CoreDataProperties.swift */,
				1FBBFF361CDB184900199AFE /* ShowLinks.swift */,
			);
			path = Models;
			sourceTree = "<group>";
		};
		1FBBFE691CDA343F00199AFE /* CDHelper Class */ = {
			isa = PBXGroup;
			children = (
				1FBBFF5A1CDC6ED600199AFE /* CDBaseTableViewController */,
				1FBBFE911CDA447D00199AFE /* CDHelper.swift */,
			);
			path = "CDHelper Class";
			sourceTree = "<group>";
		};
		1FBBFE6A1CDA346400199AFE /* Data Models */ = {
			isa = PBXGroup;
			children = (
				1FBBFE6E1CDA34AC00199AFE /* TVSeries.xcdatamodeld */,
			);
			path = "Data Models";
			sourceTree = "<group>";
		};
		1FBBFE6B1CDA347300199AFE /* API */ = {
			isa = PBXGroup;
			children = (
				1FC37EDC1CE9E52900EFF605 /* Request */,
				1FBBFE951CDA459B00199AFE /* Today's Episode API */,
			);
			path = API;
			sourceTree = "<group>";
		};
		1FBBFE931CDA454800199AFE /* UI */ = {
			isa = PBXGroup;
			children = (
				1FC37EA61CE711ED00EFF605 /* Favorite VC */,
				1FC37EA11CE5C72C00EFF605 /* WebView */,
				1FC37E9E1CE5A0DB00EFF605 /* Season Episodes */,
				1FC37E921CE3D9A800EFF605 /* show VC */,
				1FC37E891CE072B100EFF605 /* Cast Detail VC */,
				1FC37E801CDE0C7100EFF605 /* Show Detail VC */,
				1F4A96321CDDE7D9009FF81A /* Episode Detail View */,
				1FBBFF5F1CDC71BC00199AFE /* Custom Objects */,
				1FBBFF571CDC6B8200199AFE /* Todays Episode VC */,
				1FBBFE941CDA454800199AFE /* Generic VC */,
			);
			path = UI;
			sourceTree = "<group>";
		};
		1FBBFE941CDA454800199AFE /* Generic VC */ = {
			isa = PBXGroup;
			children = (
				1FBBFF551CDC6B4A00199AFE /* NEGenericVC.swift */,
			);
			path = "Generic VC";
			sourceTree = "<group>";
		};
		1FBBFE951CDA459B00199AFE /* Today's Episode API */ = {
			isa = PBXGroup;
			children = (
				1FBBFE961CDA45DA00199AFE /* NETodayEpisodesAPI.swift */,
			);
			path = "Today's Episode API";
			sourceTree = "<group>";
		};
		1FBBFE981CDA460400199AFE /* Utils */ = {
			isa = PBXGroup;
			children = (
				1FBBFE991CDA461E00199AFE /* Constants */,
			);
			path = Utils;
			sourceTree = "<group>";
		};
		1FBBFE991CDA461E00199AFE /* Constants */ = {
			isa = PBXGroup;
			children = (
				1FBBFE9A1CDA463900199AFE /* Constants.swift */,
			);
			path = Constants;
			sourceTree = "<group>";
		};
		1FBBFF4F1CDC69FD00199AFE /* Lib */ = {
			isa = PBXGroup;
			children = (
				1FC37ED41CE8DD6000EFF605 /* SwiftSpinner */,
				1FC37EA91CE76AA100EFF605 /* IQKeyboardManagerSwift */,
			);
			path = Lib;
			sourceTree = "<group>";
		};
		1FBBFF571CDC6B8200199AFE /* Todays Episode VC */ = {
			isa = PBXGroup;
			children = (
				1FBBFF5D1CDC6FB300199AFE /* TodayEpisodesVC.swift */,
			);
			path = "Todays Episode VC";
			sourceTree = "<group>";
		};
		1FBBFF5A1CDC6ED600199AFE /* CDBaseTableViewController */ = {
			isa = PBXGroup;
			children = (
				1FBBFF5B1CDC6EF200199AFE /* CDTableViewController.swift */,
			);
			path = CDBaseTableViewController;
			sourceTree = "<group>";
		};
		1FBBFF5F1CDC71BC00199AFE /* Custom Objects */ = {
			isa = PBXGroup;
			children = (
				1FBBFF601CDC71BC00199AFE /* TableViewCells */,
			);
			path = "Custom Objects";
			sourceTree = "<group>";
		};
		1FBBFF601CDC71BC00199AFE /* TableViewCells */ = {
			isa = PBXGroup;
			children = (
				1FBBFF611CDC71BC00199AFE /* EpisodeTableViewCelll */,
				1FBBFF621CDC71BC00199AFE /* ShowTableViewCell */,
			);
			path = TableViewCells;
			sourceTree = "<group>";
		};
		1FBBFF611CDC71BC00199AFE /* EpisodeTableViewCelll */ = {
			isa = PBXGroup;
			children = (
				1FBBFF631CDC720800199AFE /* NEEpisodeTableViewCell.swift */,
				1FBBFF641CDC720800199AFE /* NEEpisodeTableViewCell.xib */,
			);
			path = EpisodeTableViewCelll;
			sourceTree = "<group>";
		};
		1FBBFF621CDC71BC00199AFE /* ShowTableViewCell */ = {
			isa = PBXGroup;
			children = (
				1FC37E991CE454C900EFF605 /* NEShowTableViewCell.swift */,
				1FC37E9A1CE454C900EFF605 /* NEShowTableViewCell.xib */,
			);
			path = ShowTableViewCell;
			sourceTree = "<group>";
		};
		1FC37E801CDE0C7100EFF605 /* Show Detail VC */ = {
			isa = PBXGroup;
			children = (
				1FC37E851CDE128C00EFF605 /* Cast Collection Cell */,
				1FC37E811CDE0C8F00EFF605 /* Show.storyboard */,
				1FC37E831CDE0CC800EFF605 /* NEShowDetailsVC.swift */,
			);
			path = "Show Detail VC";
			sourceTree = "<group>";
		};
		1FC37E851CDE128C00EFF605 /* Cast Collection Cell */ = {
			isa = PBXGroup;
			children = (
				1FC37E861CDE12A400EFF605 /* NECastCollectionViewCell.swift */,
			);
			path = "Cast Collection Cell";
			sourceTree = "<group>";
		};
		1FC37E891CE072B100EFF605 /* Cast Detail VC */ = {
			isa = PBXGroup;
			children = (
				1FC37E8A1CE072E300EFF605 /* NECastDetailVC.swift */,
			);
			path = "Cast Detail VC";
			sourceTree = "<group>";
		};
		1FC37E921CE3D9A800EFF605 /* show VC */ = {
			isa = PBXGroup;
			children = (
				1FC37E951CE3DA7E00EFF605 /* NEShowTVC.swift */,
			);
			path = "show VC";
			sourceTree = "<group>";
		};
		1FC37E9E1CE5A0DB00EFF605 /* Season Episodes */ = {
			isa = PBXGroup;
			children = (
				1FC37E9F1CE5A13600EFF605 /* NESeasonEpisodeTVC.swift */,
			);
			path = "Season Episodes";
			sourceTree = "<group>";
		};
		1FC37EA11CE5C72C00EFF605 /* WebView */ = {
			isa = PBXGroup;
			children = (
				1FC37EA21CE5C88700EFF605 /* NEWebViewVC.swift */,
				1FC37EA41CE5C8AB00EFF605 /* WebViewStoryboard.storyboard */,
			);
			path = WebView;
			sourceTree = "<group>";
		};
		1FC37EA61CE711ED00EFF605 /* Favorite VC */ = {
			isa = PBXGroup;
			children = (
				1FC37EA71CE717CE00EFF605 /* NEFavoriteShowVC.swift */,
			);
			path = "Favorite VC";
			sourceTree = "<group>";
		};
		1FC37EA91CE76AA100EFF605 /* IQKeyboardManagerSwift */ = {
			isa = PBXGroup;
			children = (
				1FC37EAA1CE76AA100EFF605 /* Categories */,
				1FC37EB11CE76AA100EFF605 /* Constants */,
				1FC37EB41CE76AA100EFF605 /* IQKeyboardManager.swift */,
				1FC37EB51CE76AA100EFF605 /* IQKeyboardReturnKeyHandler.swift */,
				1FC37EB61CE76AA100EFF605 /* IQTextView */,
				1FC37EB81CE76AA100EFF605 /* IQToolbar */,
				1FC37EBE1CE76AA100EFF605 /* Resources */,
			);
			path = IQKeyboardManagerSwift;
			sourceTree = "<group>";
		};
		1FC37EAA1CE76AA100EFF605 /* Categories */ = {
			isa = PBXGroup;
			children = (
				1FC37EAB1CE76AA100EFF605 /* IQNSArray+Sort.swift */,
				1FC37EAC1CE76AA100EFF605 /* IQUIScrollView+Additions.swift */,
				1FC37EAD1CE76AA100EFF605 /* IQUITextFieldView+Additions.swift */,
				1FC37EAE1CE76AA100EFF605 /* IQUIView+Hierarchy.swift */,
				1FC37EAF1CE76AA100EFF605 /* IQUIViewController+Additions.swift */,
				1FC37EB01CE76AA100EFF605 /* IQUIWindow+Hierarchy.swift */,
			);
			path = Categories;
			sourceTree = "<group>";
		};
		1FC37EB11CE76AA100EFF605 /* Constants */ = {
			isa = PBXGroup;
			children = (
				1FC37EB21CE76AA100EFF605 /* IQKeyboardManagerConstants.swift */,
				1FC37EB31CE76AA100EFF605 /* IQKeyboardManagerConstantsInternal.swift */,
			);
			path = Constants;
			sourceTree = "<group>";
		};
		1FC37EB61CE76AA100EFF605 /* IQTextView */ = {
			isa = PBXGroup;
			children = (
				1FC37EB71CE76AA100EFF605 /* IQTextView.swift */,
			);
			path = IQTextView;
			sourceTree = "<group>";
		};
		1FC37EB81CE76AA100EFF605 /* IQToolbar */ = {
			isa = PBXGroup;
			children = (
				1FC37EB91CE76AA100EFF605 /* IQBarButtonItem.swift */,
				1FC37EBA1CE76AA100EFF605 /* IQPreviousNextView.swift */,
				1FC37EBB1CE76AA100EFF605 /* IQTitleBarButtonItem.swift */,
				1FC37EBC1CE76AA100EFF605 /* IQToolbar.swift */,
				1FC37EBD1CE76AA100EFF605 /* IQUIView+IQKeyboardToolbar.swift */,
			);
			path = IQToolbar;
			sourceTree = "<group>";
		};
		1FC37EBE1CE76AA100EFF605 /* Resources */ = {
			isa = PBXGroup;
			children = (
				1FC37EBF1CE76AA100EFF605 /* IQKeyboardManager.bundle */,
			);
			path = Resources;
			sourceTree = "<group>";
		};
		1FC37ED41CE8DD6000EFF605 /* SwiftSpinner */ = {
			isa = PBXGroup;
			children = (
				1FC37ED51CE8DD6000EFF605 /* Info-tvOS.plist */,
				1FC37ED61CE8DD6000EFF605 /* Info.plist */,
				1FC37ED71CE8DD6000EFF605 /* SwiftSpinner.h */,
				1FC37ED81CE8DD6000EFF605 /* SwiftSpinner.swift */,
			);
			path = SwiftSpinner;
			sourceTree = "<group>";
		};
		1FC37EDC1CE9E52900EFF605 /* Request */ = {
			isa = PBXGroup;
			children = (
				1FC37EDD1CE9E56100EFF605 /* NERequest.swift */,
			);
			path = Request;
			sourceTree = "<group>";
		};
		7ECA29DA01E385CF21860E84 /* Frameworks */ = {
			isa = PBXGroup;
			children = (
				7EC6E5D4E928FD9F4283D21A /* Pods_NextEpisode.framework */,
			);
			name = Frameworks;
			sourceTree = "<group>";
		};
		D4B3D1CD44B99109A19925BA /* Pods */ = {
			isa = PBXGroup;
			children = (
				9107E4B632611275E3541146 /* Pods-NextEpisode.debug.xcconfig */,
				878E8CC1134327478F5AF23D /* Pods-NextEpisode.release.xcconfig */,
			);
			name = Pods;
			sourceTree = "<group>";
		};
/* End PBXGroup section */

/* Begin PBXNativeTarget section */
		1FBBFE361CDA338900199AFE /* NextEpisode */ = {
			isa = PBXNativeTarget;
			buildConfigurationList = 1FBBFE5F1CDA338900199AFE /* Build configuration list for PBXNativeTarget "NextEpisode" */;
			buildPhases = (
				A54601CFF1865ECAAF928976 /* Check Pods Manifest.lock */,
				1FBBFE331CDA338900199AFE /* Sources */,
				1FBBFE341CDA338900199AFE /* Frameworks */,
				1FBBFE351CDA338900199AFE /* Resources */,
				705B6682DE6916FF4A44C9DF /* Embed Pods Frameworks */,
				079CC38A34AC183E0EB3C66C /* Copy Pods Resources */,
			);
			buildRules = (
			);
			dependencies = (
			);
			name = NextEpisode;
			productName = NextEpisode;
			productReference = 1FBBFE371CDA338900199AFE /* NextEpisode.app */;
			productType = "com.apple.product-type.application";
		};
		1FBBFE4A1CDA338900199AFE /* NextEpisodeTests */ = {
			isa = PBXNativeTarget;
			buildConfigurationList = 1FBBFE621CDA338900199AFE /* Build configuration list for PBXNativeTarget "NextEpisodeTests" */;
			buildPhases = (
				1FBBFE471CDA338900199AFE /* Sources */,
				1FBBFE481CDA338900199AFE /* Frameworks */,
				1FBBFE491CDA338900199AFE /* Resources */,
			);
			buildRules = (
			);
			dependencies = (
				1FBBFE4D1CDA338900199AFE /* PBXTargetDependency */,
			);
			name = NextEpisodeTests;
			productName = NextEpisodeTests;
			productReference = 1FBBFE4B1CDA338900199AFE /* NextEpisodeTests.xctest */;
			productType = "com.apple.product-type.bundle.unit-test";
		};
		1FBBFE551CDA338900199AFE /* NextEpisodeUITests */ = {
			isa = PBXNativeTarget;
			buildConfigurationList = 1FBBFE651CDA338900199AFE /* Build configuration list for PBXNativeTarget "NextEpisodeUITests" */;
			buildPhases = (
				1FBBFE521CDA338900199AFE /* Sources */,
				1FBBFE531CDA338900199AFE /* Frameworks */,
				1FBBFE541CDA338900199AFE /* Resources */,
			);
			buildRules = (
			);
			dependencies = (
				1FBBFE581CDA338900199AFE /* PBXTargetDependency */,
			);
			name = NextEpisodeUITests;
			productName = NextEpisodeUITests;
			productReference = 1FBBFE561CDA338900199AFE /* NextEpisodeUITests.xctest */;
			productType = "com.apple.product-type.bundle.ui-testing";
		};
/* End PBXNativeTarget section */

/* Begin PBXProject section */
		1FBBFE2F1CDA338900199AFE /* Project object */ = {
			isa = PBXProject;
			attributes = {
				LastSwiftUpdateCheck = 0720;
				LastUpgradeCheck = 0720;
				ORGANIZATIONNAME = Andela;
				TargetAttributes = {
					1FBBFE361CDA338900199AFE = {
						CreatedOnToolsVersion = 7.2.1;
					};
					1FBBFE4A1CDA338900199AFE = {
						CreatedOnToolsVersion = 7.2.1;
						TestTargetID = 1FBBFE361CDA338900199AFE;
					};
					1FBBFE551CDA338900199AFE = {
						CreatedOnToolsVersion = 7.2.1;
						TestTargetID = 1FBBFE361CDA338900199AFE;
					};
				};
			};
			buildConfigurationList = 1FBBFE321CDA338900199AFE /* Build configuration list for PBXProject "NextEpisode" */;
			compatibilityVersion = "Xcode 3.2";
			developmentRegion = English;
			hasScannedForEncodings = 0;
			knownRegions = (
				en,
				Base,
			);
			mainGroup = 1FBBFE2E1CDA338900199AFE;
			productRefGroup = 1FBBFE381CDA338900199AFE /* Products */;
			projectDirPath = "";
			projectRoot = "";
			targets = (
				1FBBFE361CDA338900199AFE /* NextEpisode */,
				1FBBFE4A1CDA338900199AFE /* NextEpisodeTests */,
				1FBBFE551CDA338900199AFE /* NextEpisodeUITests */,
			);
		};
/* End PBXProject section */

/* Begin PBXResourcesBuildPhase section */
		1FBBFE351CDA338900199AFE /* Resources */ = {
			isa = PBXResourcesBuildPhase;
			buildActionMask = 2147483647;
			files = (
				1FC37ED91CE8DD6000EFF605 /* Info-tvOS.plist in Resources */,
				1FBBFE451CDA338900199AFE /* LaunchScreen.storyboard in Resources */,
				1FC37E9C1CE454C900EFF605 /* NEShowTableViewCell.xib in Resources */,
				1FC37E821CDE0C8F00EFF605 /* Show.storyboard in Resources */,
				1F4A96361CDDEA87009FF81A /* Episode.storyboard in Resources */,
				1FBBFE421CDA338900199AFE /* Assets.xcassets in Resources */,
				1FC37EA51CE5C8AB00EFF605 /* WebViewStoryboard.storyboard in Resources */,
				1FBBFF661CDC720800199AFE /* NEEpisodeTableViewCell.xib in Resources */,
				1FC37EDA1CE8DD6000EFF605 /* Info.plist in Resources */,
				1FBBFE401CDA338900199AFE /* Main.storyboard in Resources */,
				1FC37ED01CE76AA100EFF605 /* IQKeyboardManager.bundle in Resources */,
			);
			runOnlyForDeploymentPostprocessing = 0;
		};
		1FBBFE491CDA338900199AFE /* Resources */ = {
			isa = PBXResourcesBuildPhase;
			buildActionMask = 2147483647;
			files = (
			);
			runOnlyForDeploymentPostprocessing = 0;
		};
		1FBBFE541CDA338900199AFE /* Resources */ = {
			isa = PBXResourcesBuildPhase;
			buildActionMask = 2147483647;
			files = (
			);
			runOnlyForDeploymentPostprocessing = 0;
		};
/* End PBXResourcesBuildPhase section */

/* Begin PBXShellScriptBuildPhase section */
		079CC38A34AC183E0EB3C66C /* Copy Pods Resources */ = {
			isa = PBXShellScriptBuildPhase;
			buildActionMask = 2147483647;
			files = (
			);
			inputPaths = (
			);
			name = "Copy Pods Resources";
			outputPaths = (
			);
			runOnlyForDeploymentPostprocessing = 0;
			shellPath = /bin/sh;
			shellScript = "\"${SRCROOT}/Pods/Target Support Files/Pods-NextEpisode/Pods-NextEpisode-resources.sh\"\n";
			showEnvVarsInLog = 0;
		};
		705B6682DE6916FF4A44C9DF /* Embed Pods Frameworks */ = {
			isa = PBXShellScriptBuildPhase;
			buildActionMask = 2147483647;
			files = (
			);
			inputPaths = (
			);
			name = "Embed Pods Frameworks";
			outputPaths = (
			);
			runOnlyForDeploymentPostprocessing = 0;
			shellPath = /bin/sh;
			shellScript = "\"${SRCROOT}/Pods/Target Support Files/Pods-NextEpisode/Pods-NextEpisode-frameworks.sh\"\n";
			showEnvVarsInLog = 0;
		};
		A54601CFF1865ECAAF928976 /* Check Pods Manifest.lock */ = {
			isa = PBXShellScriptBuildPhase;
			buildActionMask = 2147483647;
			files = (
			);
			inputPaths = (
			);
			name = "Check Pods Manifest.lock";
			outputPaths = (
			);
			runOnlyForDeploymentPostprocessing = 0;
			shellPath = /bin/sh;
			shellScript = "diff \"${PODS_ROOT}/../Podfile.lock\" \"${PODS_ROOT}/Manifest.lock\" > /dev/null\nif [[ $? != 0 ]] ; then\n    cat << EOM\nerror: The sandbox is not in sync with the Podfile.lock. Run 'pod install' or update your CocoaPods installation.\nEOM\n    exit 1\nfi\n";
			showEnvVarsInLog = 0;
		};
/* End PBXShellScriptBuildPhase section */

/* Begin PBXSourcesBuildPhase section */
		1FBBFE331CDA338900199AFE /* Sources */ = {
			isa = PBXSourcesBuildPhase;
			buildActionMask = 2147483647;
			files = (
				1FBBFE9B1CDA463900199AFE /* Constants.swift in Sources */,
				1FC37EDB1CE8DD6000EFF605 /* SwiftSpinner.swift in Sources */,
				1FC37E871CDE12A400EFF605 /* NECastCollectionViewCell.swift in Sources */,
				1FC37E841CDE0CC800EFF605 /* NEShowDetailsVC.swift in Sources */,
				1FBBFF411CDB184900199AFE /* Cast+CoreDataProperties.swift in Sources */,
				1FBBFF451CDB184900199AFE /* Country+CoreDataProperties.swift in Sources */,
				1FBBFF3B1CDB184900199AFE /* Show+CoreDataProperties.swift in Sources */,
				1FBBFF5C1CDC6EF200199AFE /* CDTableViewController.swift in Sources */,
				1FBBFF401CDB184900199AFE /* Network.swift in Sources */,
				1FBBFF5E1CDC6FB300199AFE /* TodayEpisodesVC.swift in Sources */,
				1FC37EA31CE5C88700EFF605 /* NEWebViewVC.swift in Sources */,
				1FC37E8B1CE072E300EFF605 /* NECastDetailVC.swift in Sources */,
				1FBBFF381CDB184900199AFE /* Episode.swift in Sources */,
				1FC37EC11CE76AA100EFF605 /* IQUIScrollView+Additions.swift in Sources */,
				1FC37ECB1CE76AA100EFF605 /* IQBarButtonItem.swift in Sources */,
				1FC37ECD1CE76AA100EFF605 /* IQTitleBarButtonItem.swift in Sources */,
				1FC37ECE1CE76AA100EFF605 /* IQToolbar.swift in Sources */,
				1FC37EC31CE76AA100EFF605 /* IQUIView+Hierarchy.swift in Sources */,
				1FBBFE3D1CDA338900199AFE /* ViewController.swift in Sources */,
				1FC37EC71CE76AA100EFF605 /* IQKeyboardManagerConstantsInternal.swift in Sources */,
				1FC37EC81CE76AA100EFF605 /* IQKeyboardManager.swift in Sources */,
				1FBBFF561CDC6B4A00199AFE /* NEGenericVC.swift in Sources */,
				1FC37EC01CE76AA100EFF605 /* IQNSArray+Sort.swift in Sources */,
				1FBBFF391CDB184900199AFE /* Schedule+CoreDataProperties.swift in Sources */,
				1FBBFF3D1CDB184900199AFE /* Externals+CoreDataProperties.swift in Sources */,
				1FC37E9B1CE454C900EFF605 /* NEShowTableViewCell.swift in Sources */,
				1F4A96341CDDE841009FF81A /* NEEpisodeDetailVC.swift in Sources */,
				1FC37EC91CE76AA100EFF605 /* IQKeyboardReturnKeyHandler.swift in Sources */,
				1FC37ECF1CE76AA100EFF605 /* IQUIView+IQKeyboardToolbar.swift in Sources */,
				1FBBFF491CDB184900199AFE /* Rating+CoreDataProperties.swift in Sources */,
				1FC37E961CE3DA7E00EFF605 /* NEShowTVC.swift in Sources */,
				1FBBFF651CDC720800199AFE /* NEEpisodeTableViewCell.swift in Sources */,
				1FBBFF371CDB184900199AFE /* Episode+CoreDataProperties.swift in Sources */,
				1FC37EC51CE76AA100EFF605 /* IQUIWindow+Hierarchy.swift in Sources */,
				1FBBFF3C1CDB184900199AFE /* Show.swift in Sources */,
				1FBBFF4A1CDB184900199AFE /* Rating.swift in Sources */,
				1FC37EDE1CE9E56100EFF605 /* NERequest.swift in Sources */,
				1FC37ECC1CE76AA100EFF605 /* IQPreviousNextView.swift in Sources */,
				1FC37EC61CE76AA100EFF605 /* IQKeyboardManagerConstants.swift in Sources */,
				1FBBFF441CDB184900199AFE /* Person.swift in Sources */,
				1FBBFF421CDB184900199AFE /* Cast.swift in Sources */,
				1FBBFF3E1CDB184900199AFE /* Externals.swift in Sources */,
				1FBBFF4C1CDB184900199AFE /* ShowLinks.swift in Sources */,
				1FBBFF431CDB184900199AFE /* Person+CoreDataProperties.swift in Sources */,
				1FBBFF481CDB184900199AFE /* Character.swift in Sources */,
				1FBBFE971CDA45DA00199AFE /* NETodayEpisodesAPI.swift in Sources */,
				1FBBFE3B1CDA338900199AFE /* AppDelegate.swift in Sources */,
				1FBBFF3F1CDB184900199AFE /* Network+CoreDataProperties.swift in Sources */,
				1FBBFF4B1CDB184900199AFE /* ShowLinks+CoreDataProperties.swift in Sources */,
				1FC37EA01CE5A13600EFF605 /* NESeasonEpisodeTVC.swift in Sources */,
				1FBBFF461CDB184900199AFE /* Country.swift in Sources */,
				1FC37EC21CE76AA100EFF605 /* IQUITextFieldView+Additions.swift in Sources */,
				1FC37EC41CE76AA100EFF605 /* IQUIViewController+Additions.swift in Sources */,
				1FC37EA81CE717CE00EFF605 /* NEFavoriteShowVC.swift in Sources */,
				1FBBFE701CDA34AC00199AFE /* TVSeries.xcdatamodeld in Sources */,
				1FBBFF3A1CDB184900199AFE /* Schedule.swift in Sources */,
				1FC37ECA1CE76AA100EFF605 /* IQTextView.swift in Sources */,
				1FBBFE921CDA447D00199AFE /* CDHelper.swift in Sources */,
				1FBBFF471CDB184900199AFE /* Character+CoreDataProperties.swift in Sources */,
			);
			runOnlyForDeploymentPostprocessing = 0;
		};
		1FBBFE471CDA338900199AFE /* Sources */ = {
			isa = PBXSourcesBuildPhase;
			buildActionMask = 2147483647;
			files = (
				1FBBFE501CDA338900199AFE /* NextEpisodeTests.swift in Sources */,
			);
			runOnlyForDeploymentPostprocessing = 0;
		};
		1FBBFE521CDA338900199AFE /* Sources */ = {
			isa = PBXSourcesBuildPhase;
			buildActionMask = 2147483647;
			files = (
				1FBBFE5B1CDA338900199AFE /* NextEpisodeUITests.swift in Sources */,
			);
			runOnlyForDeploymentPostprocessing = 0;
		};
/* End PBXSourcesBuildPhase section */

/* Begin PBXTargetDependency section */
		1FBBFE4D1CDA338900199AFE /* PBXTargetDependency */ = {
			isa = PBXTargetDependency;
			target = 1FBBFE361CDA338900199AFE /* NextEpisode */;
			targetProxy = 1FBBFE4C1CDA338900199AFE /* PBXContainerItemProxy */;
		};
		1FBBFE581CDA338900199AFE /* PBXTargetDependency */ = {
			isa = PBXTargetDependency;
			target = 1FBBFE361CDA338900199AFE /* NextEpisode */;
			targetProxy = 1FBBFE571CDA338900199AFE /* PBXContainerItemProxy */;
		};
/* End PBXTargetDependency section */

/* Begin PBXVariantGroup section */
		1FBBFE3E1CDA338900199AFE /* Main.storyboard */ = {
			isa = PBXVariantGroup;
			children = (
				1FBBFE3F1CDA338900199AFE /* Base */,
			);
			name = Main.storyboard;
			sourceTree = "<group>";
		};
		1FBBFE431CDA338900199AFE /* LaunchScreen.storyboard */ = {
			isa = PBXVariantGroup;
			children = (
				1FBBFE441CDA338900199AFE /* Base */,
			);
			name = LaunchScreen.storyboard;
			sourceTree = "<group>";
		};
/* End PBXVariantGroup section */

/* Begin XCBuildConfiguration section */
		1FBBFE5D1CDA338900199AFE /* Debug */ = {
			isa = XCBuildConfiguration;
			buildSettings = {
				ALWAYS_SEARCH_USER_PATHS = NO;
				CLANG_CXX_LANGUAGE_STANDARD = "gnu++0x";
				CLANG_CXX_LIBRARY = "libc++";
				CLANG_ENABLE_MODULES = YES;
				CLANG_ENABLE_OBJC_ARC = YES;
				CLANG_WARN_BOOL_CONVERSION = YES;
				CLANG_WARN_CONSTANT_CONVERSION = YES;
				CLANG_WARN_DIRECT_OBJC_ISA_USAGE = YES_ERROR;
				CLANG_WARN_EMPTY_BODY = YES;
				CLANG_WARN_ENUM_CONVERSION = YES;
				CLANG_WARN_INT_CONVERSION = YES;
				CLANG_WARN_OBJC_ROOT_CLASS = YES_ERROR;
				CLANG_WARN_UNREACHABLE_CODE = YES;
				CLANG_WARN__DUPLICATE_METHOD_MATCH = YES;
				"CODE_SIGN_IDENTITY[sdk=iphoneos*]" = "iPhone Developer";
				COPY_PHASE_STRIP = NO;
				DEBUG_INFORMATION_FORMAT = dwarf;
				ENABLE_STRICT_OBJC_MSGSEND = YES;
				ENABLE_TESTABILITY = YES;
				GCC_C_LANGUAGE_STANDARD = gnu99;
				GCC_DYNAMIC_NO_PIC = NO;
				GCC_NO_COMMON_BLOCKS = YES;
				GCC_OPTIMIZATION_LEVEL = 0;
				GCC_PREPROCESSOR_DEFINITIONS = (
					"DEBUG=1",
					"$(inherited)",
				);
				GCC_WARN_64_TO_32_BIT_CONVERSION = YES;
				GCC_WARN_ABOUT_RETURN_TYPE = YES_ERROR;
				GCC_WARN_UNDECLARED_SELECTOR = YES;
				GCC_WARN_UNINITIALIZED_AUTOS = YES_AGGRESSIVE;
				GCC_WARN_UNUSED_FUNCTION = YES;
				GCC_WARN_UNUSED_VARIABLE = YES;
				IPHONEOS_DEPLOYMENT_TARGET = 9.2;
				MTL_ENABLE_DEBUG_INFO = YES;
				ONLY_ACTIVE_ARCH = YES;
				SDKROOT = iphoneos;
				SWIFT_OPTIMIZATION_LEVEL = "-Onone";
				TARGETED_DEVICE_FAMILY = "1,2";
			};
			name = Debug;
		};
		1FBBFE5E1CDA338900199AFE /* Release */ = {
			isa = XCBuildConfiguration;
			buildSettings = {
				ALWAYS_SEARCH_USER_PATHS = NO;
				CLANG_CXX_LANGUAGE_STANDARD = "gnu++0x";
				CLANG_CXX_LIBRARY = "libc++";
				CLANG_ENABLE_MODULES = YES;
				CLANG_ENABLE_OBJC_ARC = YES;
				CLANG_WARN_BOOL_CONVERSION = YES;
				CLANG_WARN_CONSTANT_CONVERSION = YES;
				CLANG_WARN_DIRECT_OBJC_ISA_USAGE = YES_ERROR;
				CLANG_WARN_EMPTY_BODY = YES;
				CLANG_WARN_ENUM_CONVERSION = YES;
				CLANG_WARN_INT_CONVERSION = YES;
				CLANG_WARN_OBJC_ROOT_CLASS = YES_ERROR;
				CLANG_WARN_UNREACHABLE_CODE = YES;
				CLANG_WARN__DUPLICATE_METHOD_MATCH = YES;
				"CODE_SIGN_IDENTITY[sdk=iphoneos*]" = "iPhone Developer";
				COPY_PHASE_STRIP = NO;
				DEBUG_INFORMATION_FORMAT = "dwarf-with-dsym";
				ENABLE_NS_ASSERTIONS = NO;
				ENABLE_STRICT_OBJC_MSGSEND = YES;
				GCC_C_LANGUAGE_STANDARD = gnu99;
				GCC_NO_COMMON_BLOCKS = YES;
				GCC_WARN_64_TO_32_BIT_CONVERSION = YES;
				GCC_WARN_ABOUT_RETURN_TYPE = YES_ERROR;
				GCC_WARN_UNDECLARED_SELECTOR = YES;
				GCC_WARN_UNINITIALIZED_AUTOS = YES_AGGRESSIVE;
				GCC_WARN_UNUSED_FUNCTION = YES;
				GCC_WARN_UNUSED_VARIABLE = YES;
				IPHONEOS_DEPLOYMENT_TARGET = 9.2;
				MTL_ENABLE_DEBUG_INFO = NO;
				SDKROOT = iphoneos;
				TARGETED_DEVICE_FAMILY = "1,2";
				VALIDATE_PRODUCT = YES;
			};
			name = Release;
		};
		1FBBFE601CDA338900199AFE /* Debug */ = {
			isa = XCBuildConfiguration;
			baseConfigurationReference = 9107E4B632611275E3541146 /* Pods-NextEpisode.debug.xcconfig */;
			buildSettings = {
				ASSETCATALOG_COMPILER_APPICON_NAME = AppIcon;
				CLANG_ENABLE_MODULES = YES;
				INFOPLIST_FILE = NextEpisode/Info.plist;
				LD_RUNPATH_SEARCH_PATHS = "$(inherited) @executable_path/Frameworks";
				PRODUCT_BUNDLE_IDENTIFIER = com.johnsonejezie.NextEpisode;
				PRODUCT_NAME = "$(TARGET_NAME)";
				SWIFT_OPTIMIZATION_LEVEL = "-Onone";
			};
			name = Debug;
		};
		1FBBFE611CDA338900199AFE /* Release */ = {
			isa = XCBuildConfiguration;
			baseConfigurationReference = 878E8CC1134327478F5AF23D /* Pods-NextEpisode.release.xcconfig */;
			buildSettings = {
				ASSETCATALOG_COMPILER_APPICON_NAME = AppIcon;
				CLANG_ENABLE_MODULES = YES;
				INFOPLIST_FILE = NextEpisode/Info.plist;
				LD_RUNPATH_SEARCH_PATHS = "$(inherited) @executable_path/Frameworks";
				PRODUCT_BUNDLE_IDENTIFIER = com.johnsonejezie.NextEpisode;
				PRODUCT_NAME = "$(TARGET_NAME)";
			};
			name = Release;
		};
		1FBBFE631CDA338900199AFE /* Debug */ = {
			isa = XCBuildConfiguration;
			buildSettings = {
				BUNDLE_LOADER = "$(TEST_HOST)";
				INFOPLIST_FILE = NextEpisodeTests/Info.plist;
				LD_RUNPATH_SEARCH_PATHS = "$(inherited) @executable_path/Frameworks @loader_path/Frameworks";
				PRODUCT_BUNDLE_IDENTIFIER = com.johnsonejezie.NextEpisodeTests;
				PRODUCT_NAME = "$(TARGET_NAME)";
				TEST_HOST = "$(BUILT_PRODUCTS_DIR)/NextEpisode.app/NextEpisode";
			};
			name = Debug;
		};
		1FBBFE641CDA338900199AFE /* Release */ = {
			isa = XCBuildConfiguration;
			buildSettings = {
				BUNDLE_LOADER = "$(TEST_HOST)";
				INFOPLIST_FILE = NextEpisodeTests/Info.plist;
				LD_RUNPATH_SEARCH_PATHS = "$(inherited) @executable_path/Frameworks @loader_path/Frameworks";
				PRODUCT_BUNDLE_IDENTIFIER = com.johnsonejezie.NextEpisodeTests;
				PRODUCT_NAME = "$(TARGET_NAME)";
				TEST_HOST = "$(BUILT_PRODUCTS_DIR)/NextEpisode.app/NextEpisode";
			};
			name = Release;
		};
		1FBBFE661CDA338900199AFE /* Debug */ = {
			isa = XCBuildConfiguration;
			buildSettings = {
				INFOPLIST_FILE = NextEpisodeUITests/Info.plist;
				LD_RUNPATH_SEARCH_PATHS = "$(inherited) @executable_path/Frameworks @loader_path/Frameworks";
				PRODUCT_BUNDLE_IDENTIFIER = com.johnsonejezie.NextEpisodeUITests;
				PRODUCT_NAME = "$(TARGET_NAME)";
				TEST_TARGET_NAME = NextEpisode;
				USES_XCTRUNNER = YES;
			};
			name = Debug;
		};
		1FBBFE671CDA338900199AFE /* Release */ = {
			isa = XCBuildConfiguration;
			buildSettings = {
				INFOPLIST_FILE = NextEpisodeUITests/Info.plist;
				LD_RUNPATH_SEARCH_PATHS = "$(inherited) @executable_path/Frameworks @loader_path/Frameworks";
				PRODUCT_BUNDLE_IDENTIFIER = com.johnsonejezie.NextEpisodeUITests;
				PRODUCT_NAME = "$(TARGET_NAME)";
				TEST_TARGET_NAME = NextEpisode;
				USES_XCTRUNNER = YES;
			};
			name = Release;
		};
/* End XCBuildConfiguration section */

/* Begin XCConfigurationList section */
		1FBBFE321CDA338900199AFE /* Build configuration list for PBXProject "NextEpisode" */ = {
			isa = XCConfigurationList;
			buildConfigurations = (
				1FBBFE5D1CDA338900199AFE /* Debug */,
				1FBBFE5E1CDA338900199AFE /* Release */,
			);
			defaultConfigurationIsVisible = 0;
			defaultConfigurationName = Release;
		};
		1FBBFE5F1CDA338900199AFE /* Build configuration list for PBXNativeTarget "NextEpisode" */ = {
			isa = XCConfigurationList;
			buildConfigurations = (
				1FBBFE601CDA338900199AFE /* Debug */,
				1FBBFE611CDA338900199AFE /* Release */,
			);
			defaultConfigurationIsVisible = 0;
			defaultConfigurationName = Release;
		};
		1FBBFE621CDA338900199AFE /* Build configuration list for PBXNativeTarget "NextEpisodeTests" */ = {
			isa = XCConfigurationList;
			buildConfigurations = (
				1FBBFE631CDA338900199AFE /* Debug */,
				1FBBFE641CDA338900199AFE /* Release */,
			);
			defaultConfigurationIsVisible = 0;
			defaultConfigurationName = Release;
		};
		1FBBFE651CDA338900199AFE /* Build configuration list for PBXNativeTarget "NextEpisodeUITests" */ = {
			isa = XCConfigurationList;
			buildConfigurations = (
				1FBBFE661CDA338900199AFE /* Debug */,
				1FBBFE671CDA338900199AFE /* Release */,
			);
			defaultConfigurationIsVisible = 0;
			defaultConfigurationName = Release;
		};
/* End XCConfigurationList section */

/* Begin XCVersionGroup section */
		1FBBFE6E1CDA34AC00199AFE /* TVSeries.xcdatamodeld */ = {
			isa = XCVersionGroup;
			children = (
				1FC37E9D1CE5816100EFF605 /* TVSeries 6.xcdatamodel */,
				1FC37E881CDE4F7B00EFF605 /* TVSeries 5.xcdatamodel */,
				1FBBFF4E1CDB224500199AFE /* TVSeries 4.xcdatamodel */,
				1FBBFF4D1CDB1ED500199AFE /* TVSeries 3.xcdatamodel */,
				1FBBFE9C1CDAF52F00199AFE /* TVSeries 2.xcdatamodel */,
				1FBBFE6F1CDA34AC00199AFE /* TVSeries.xcdatamodel */,
			);
			currentVersion = 1FC37E9D1CE5816100EFF605 /* TVSeries 6.xcdatamodel */;
			path = TVSeries.xcdatamodeld;
			sourceTree = "<group>";
			versionGroupType = wrapper.xcdatamodel;
		};
/* End XCVersionGroup section */
	};
	rootObject = 1FBBFE2F1CDA338900199AFE /* Project object */;
}
